
Microsoft Visual Studio Solution File, Format Version 12.00
# Visual Studio Version 16
VisualStudioVersion = 16.0.31129.286
MinimumVisualStudioVersion = 10.0.40219.1
Project("{FAE04EC0-301F-11D3-BF4B-00C04F79EFBC}") = "WinForms-Calculator", "WinForms-Calculator\WinForms-Calculator.csproj", "{D9051B52-BD55-440B-8D9E-78F97E40C394}"
EndProject
Global
	GlobalSection(SolutionConfigurationPlatforms) = preSolution
		Debug|Any CPU = Debug|Any CPU
		Release|Any CPU = Release|Any CPU
	EndGlobalSection
	GlobalSection(ProjectConfigurationPlatforms) = postSolution
		{D9051B52-BD55-440B-8D9E-78F97E40C394}.Debug|Any CPU.ActiveCfg = Debug|Any CPU
		{D9051B52-BD55-440B-8D9E-78F97E40C394}.Debug|Any CPU.Build.0 = Debug|Any CPU
		{D9051B52-BD55-440B-8D9E-78F97E40C394}.Release|Any CPU.ActiveCfg = Release|Any CPU
		{D9051B52-BD55-440B-8D9E-78F97E40C394}.Release|Any CPU.Build.0 = Release|Any CPU
	EndGlobalSection
	GlobalSection(SolutionProperties) = preSolution
		HideSolutionNode = FALSE
	EndGlobalSection
	GlobalSection(ExtensibilityGlobals) = postSolution
		SolutionGuid = {95A0324E-36FF-4DC7-B76F-F357797C10AA}
	EndGlobalSection
EndGlobal
